
Microsoft Visual Studio Solution File, Format Version 11.00
# Visual Studio 2010
Project("{FAE04EC0-301F-11D3-BF4B-00C04F79EFBC}") = "Ch4_1", "Ch4_1\Ch4_1.csproj", "{4F8CC06F-A1AA-4123-8DBD-000774AD85D3}"
	ProjectSection(ProjectDependencies) = postProject
		{6B2745A6-9503-461F-9CC7-9091E67BC7E4} = {6B2745A6-9503-461F-9CC7-9091E67BC7E4}
	EndProjectSection
EndProject
Project("{FAE04EC0-301F-11D3-BF4B-00C04F79EFBC}") = "Ch4_1.Web", "Ch4_1.Web\Ch4_1.Web.csproj", "{6B2745A6-9503-461F-9CC7-9091E67BC7E4}"
EndProject
Project("{FAE04EC0-301F-11D3-BF4B-00C04F79EFBC}") = "ch6_1", "ch6_1\ch6_1.csproj", "{7C14E6F8-0581-4489-8B9D-EAEF89AE46E5}"
	ProjectSection(ProjectDependencies) = postProject
		{1E657F30-7509-4966-8D5A-BC27532FEEA9} = {1E657F30-7509-4966-8D5A-BC27532FEEA9}
	EndProjectSection
EndProject
Project("{FAE04EC0-301F-11D3-BF4B-00C04F79EFBC}") = "ch6_1.Web", "ch6_1.Web\ch6_1.Web.csproj", "{1E657F30-7509-4966-8D5A-BC27532FEEA9}"
EndProject
Project("{FAE04EC0-301F-11D3-BF4B-00C04F79EFBC}") = "ch6_2", "ch6_2\ch6_2.csproj", "{8D978CB8-FA98-4C9A-B2EE-4CCF0A701D55}"
EndProject
Project("{FAE04EC0-301F-11D3-BF4B-00C04F79EFBC}") = "ch6_2.Web", "ch6_2.Web\ch6_2.Web.csproj", "{EE45EA06-9DF5-4195-8FC6-C930A7E5CDE8}"
EndProject
Project("{FAE04EC0-301F-11D3-BF4B-00C04F79EFBC}") = "Ch7_1", "Ch7_1\Ch7_1.csproj", "{AED81691-4EF8-4651-8BDA-DD2A2099FA06}"
EndProject
Project("{FAE04EC0-301F-11D3-BF4B-00C04F79EFBC}") = "Ch7_1.Web", "Ch7_1.Web\Ch7_1.Web.csproj", "{B184175D-CB84-4D2F-8263-28A55888FF74}"
EndProject
Project("{FAE04EC0-301F-11D3-BF4B-00C04F79EFBC}") = "Ch8_1", "Ch8_1\Ch8_1.csproj", "{C528961E-779F-4879-B0E1-87E62609D7CC}"
EndProject
Project("{FAE04EC0-301F-11D3-BF4B-00C04F79EFBC}") = "Ch8_1.Web", "Ch8_1.Web\Ch8_1.Web.csproj", "{7A1DF9B8-DE9D-4BA3-893A-94425EAB77C5}"
EndProject
Project("{FAE04EC0-301F-11D3-BF4B-00C04F79EFBC}") = "Ch8_2", "Ch8_2\Ch8_2.csproj", "{296B90B6-8E4A-408C-B885-288001389D91}"
EndProject
Project("{FAE04EC0-301F-11D3-BF4B-00C04F79EFBC}") = "Ch8_2.Web", "Ch8_2.Web\Ch8_2.Web.csproj", "{FD064D3D-F973-4471-87C0-B8C161AA7E5A}"
EndProject
Project("{FAE04EC0-301F-11D3-BF4B-00C04F79EFBC}") = "Ch8_3", "Ch8_3\Ch8_3.csproj", "{63E5A1C5-080D-4C51-A706-42344666592E}"
EndProject
Project("{FAE04EC0-301F-11D3-BF4B-00C04F79EFBC}") = "Ch8_3.Web", "Ch8_3.Web\Ch8_3.Web.csproj", "{97C03923-10DF-4829-AB92-32B621F59023}"
EndProject
Project("{FAE04EC0-301F-11D3-BF4B-00C04F79EFBC}") = "Ch8_4", "Ch8_4\Ch8_4.csproj", "{E5BA4C2A-6692-449B-9656-4D62CDBC71CC}"
EndProject
Project("{FAE04EC0-301F-11D3-BF4B-00C04F79EFBC}") = "Ch8_4.Web", "Ch8_4.Web\Ch8_4.Web.csproj", "{1A3F7ADB-58D3-4364-8FF5-0D579B0B90C8}"
EndProject
Project("{FAE04EC0-301F-11D3-BF4B-00C04F79EFBC}") = "Ch9_1", "Ch9_1\Ch9_1.csproj", "{125ED78A-B691-4BBC-BDDA-CAD7B4DC2A84}"
EndProject
Project("{FAE04EC0-301F-11D3-BF4B-00C04F79EFBC}") = "Ch9_1.Web", "Ch9_1.Web\Ch9_1.Web.csproj", "{C27F052F-2904-4FCF-8DA4-8BF6472080A0}"
EndProject
Global
	GlobalSection(SolutionConfigurationPlatforms) = preSolution
		Debug|Any CPU = Debug|Any CPU
		Release|Any CPU = Release|Any CPU
	EndGlobalSection
	GlobalSection(ProjectConfigurationPlatforms) = postSolution
		{4F8CC06F-A1AA-4123-8DBD-000774AD85D3}.Debug|Any CPU.ActiveCfg = Debug|Any CPU
		{4F8CC06F-A1AA-4123-8DBD-000774AD85D3}.Debug|Any CPU.Build.0 = Debug|Any CPU
		{4F8CC06F-A1AA-4123-8DBD-000774AD85D3}.Release|Any CPU.ActiveCfg = Release|Any CPU
		{4F8CC06F-A1AA-4123-8DBD-000774AD85D3}.Release|Any CPU.Build.0 = Release|Any CPU
		{6B2745A6-9503-461F-9CC7-9091E67BC7E4}.Debug|Any CPU.ActiveCfg = Debug|Any CPU
		{6B2745A6-9503-461F-9CC7-9091E67BC7E4}.Debug|Any CPU.Build.0 = Debug|Any CPU
		{6B2745A6-9503-461F-9CC7-9091E67BC7E4}.Release|Any CPU.ActiveCfg = Release|Any CPU
		{6B2745A6-9503-461F-9CC7-9091E67BC7E4}.Release|Any CPU.Build.0 = Release|Any CPU
		{7C14E6F8-0581-4489-8B9D-EAEF89AE46E5}.Debug|Any CPU.ActiveCfg = Debug|Any CPU
		{7C14E6F8-0581-4489-8B9D-EAEF89AE46E5}.Debug|Any CPU.Build.0 = Debug|Any CPU
		{7C14E6F8-0581-4489-8B9D-EAEF89AE46E5}.Release|Any CPU.ActiveCfg = Release|Any CPU
		{7C14E6F8-0581-4489-8B9D-EAEF89AE46E5}.Release|Any CPU.Build.0 = Release|Any CPU
		{1E657F30-7509-4966-8D5A-BC27532FEEA9}.Debug|Any CPU.ActiveCfg = Debug|Any CPU
		{1E657F30-7509-4966-8D5A-BC27532FEEA9}.Debug|Any CPU.Build.0 = Debug|Any CPU
		{1E657F30-7509-4966-8D5A-BC27532FEEA9}.Release|Any CPU.ActiveCfg = Release|Any CPU
		{1E657F30-7509-4966-8D5A-BC27532FEEA9}.Release|Any CPU.Build.0 = Release|Any CPU
		{8D978CB8-FA98-4C9A-B2EE-4CCF0A701D55}.Debug|Any CPU.ActiveCfg = Debug|Any CPU
		{8D978CB8-FA98-4C9A-B2EE-4CCF0A701D55}.Debug|Any CPU.Build.0 = Debug|Any CPU
		{8D978CB8-FA98-4C9A-B2EE-4CCF0A701D55}.Release|Any CPU.ActiveCfg = Release|Any CPU
		{8D978CB8-FA98-4C9A-B2EE-4CCF0A701D55}.Release|Any CPU.Build.0 = Release|Any CPU
		{EE45EA06-9DF5-4195-8FC6-C930A7E5CDE8}.Debug|Any CPU.ActiveCfg = Debug|Any CPU
		{EE45EA06-9DF5-4195-8FC6-C930A7E5CDE8}.Debug|Any CPU.Build.0 = Debug|Any CPU
		{EE45EA06-9DF5-4195-8FC6-C930A7E5CDE8}.Release|Any CPU.ActiveCfg = Release|Any CPU
		{EE45EA06-9DF5-4195-8FC6-C930A7E5CDE8}.Release|Any CPU.Build.0 = Release|Any CPU
		{AED81691-4EF8-4651-8BDA-DD2A2099FA06}.Debug|Any CPU.ActiveCfg = Debug|Any CPU
		{AED81691-4EF8-4651-8BDA-DD2A2099FA06}.Debug|Any CPU.Build.0 = Debug|Any CPU
		{AED81691-4EF8-4651-8BDA-DD2A2099FA06}.Release|Any CPU.ActiveCfg = Release|Any CPU
		{AED81691-4EF8-4651-8BDA-DD2A2099FA06}.Release|Any CPU.Build.0 = Release|Any CPU
		{B184175D-CB84-4D2F-8263-28A55888FF74}.Debug|Any CPU.ActiveCfg = Debug|Any CPU
		{B184175D-CB84-4D2F-8263-28A55888FF74}.Debug|Any CPU.Build.0 = Debug|Any CPU
		{B184175D-CB84-4D2F-8263-28A55888FF74}.Release|Any CPU.ActiveCfg = Release|Any CPU
		{B184175D-CB84-4D2F-8263-28A55888FF74}.Release|Any CPU.Build.0 = Release|Any CPU
		{C528961E-779F-4879-B0E1-87E62609D7CC}.Debug|Any CPU.ActiveCfg = Debug|Any CPU
		{C528961E-779F-4879-B0E1-87E62609D7CC}.Debug|Any CPU.Build.0 = Debug|Any CPU
		{C528961E-779F-4879-B0E1-87E62609D7CC}.Release|Any CPU.ActiveCfg = Release|Any CPU
		{C528961E-779F-4879-B0E1-87E62609D7CC}.Release|Any CPU.Build.0 = Release|Any CPU
		{7A1DF9B8-DE9D-4BA3-893A-94425EAB77C5}.Debug|Any CPU.ActiveCfg = Debug|Any CPU
		{7A1DF9B8-DE9D-4BA3-893A-94425EAB77C5}.Debug|Any CPU.Build.0 = Debug|Any CPU
		{7A1DF9B8-DE9D-4BA3-893A-94425EAB77C5}.Release|Any CPU.ActiveCfg = Release|Any CPU
		{7A1DF9B8-DE9D-4BA3-893A-94425EAB77C5}.Release|Any CPU.Build.0 = Release|Any CPU
		{296B90B6-8E4A-408C-B885-288001389D91}.Debug|Any CPU.ActiveCfg = Debug|Any CPU
		{296B90B6-8E4A-408C-B885-288001389D91}.Debug|Any CPU.Build.0 = Debug|Any CPU
		{296B90B6-8E4A-408C-B885-288001389D91}.Release|Any CPU.ActiveCfg = Release|Any CPU
		{296B90B6-8E4A-408C-B885-288001389D91}.Release|Any CPU.Build.0 = Release|Any CPU
		{FD064D3D-F973-4471-87C0-B8C161AA7E5A}.Debug|Any CPU.ActiveCfg = Debug|Any CPU
		{FD064D3D-F973-4471-87C0-B8C161AA7E5A}.Debug|Any CPU.Build.0 = Debug|Any CPU
		{FD064D3D-F973-4471-87C0-B8C161AA7E5A}.Release|Any CPU.ActiveCfg = Release|Any CPU
		{FD064D3D-F973-4471-87C0-B8C161AA7E5A}.Release|Any CPU.Build.0 = Release|Any CPU
		{63E5A1C5-080D-4C51-A706-42344666592E}.Debug|Any CPU.ActiveCfg = Debug|Any CPU
		{63E5A1C5-080D-4C51-A706-42344666592E}.Debug|Any CPU.Build.0 = Debug|Any CPU
		{63E5A1C5-080D-4C51-A706-42344666592E}.Release|Any CPU.ActiveCfg = Release|Any CPU
		{63E5A1C5-080D-4C51-A706-42344666592E}.Release|Any CPU.Build.0 = Release|Any CPU
		{97C03923-10DF-4829-AB92-32B621F59023}.Debug|Any CPU.ActiveCfg = Debug|Any CPU
		{97C03923-10DF-4829-AB92-32B621F59023}.Debug|Any CPU.Build.0 = Debug|Any CPU
		{97C03923-10DF-4829-AB92-32B621F59023}.Release|Any CPU.ActiveCfg = Release|Any CPU
		{97C03923-10DF-4829-AB92-32B621F59023}.Release|Any CPU.Build.0 = Release|Any CPU
		{E5BA4C2A-6692-449B-9656-4D62CDBC71CC}.Debug|Any CPU.ActiveCfg = Debug|Any CPU
		{E5BA4C2A-6692-449B-9656-4D62CDBC71CC}.Debug|Any CPU.Build.0 = Debug|Any CPU
		{E5BA4C2A-6692-449B-9656-4D62CDBC71CC}.Release|Any CPU.ActiveCfg = Release|Any CPU
		{E5BA4C2A-6692-449B-9656-4D62CDBC71CC}.Release|Any CPU.Build.0 = Release|Any CPU
		{1A3F7ADB-58D3-4364-8FF5-0D579B0B90C8}.Debug|Any CPU.ActiveCfg = Debug|Any CPU
		{1A3F7ADB-58D3-4364-8FF5-0D579B0B90C8}.Debug|Any CPU.Build.0 = Debug|Any CPU
		{1A3F7ADB-58D3-4364-8FF5-0D579B0B90C8}.Release|Any CPU.ActiveCfg = Release|Any CPU
		{1A3F7ADB-58D3-4364-8FF5-0D579B0B90C8}.Release|Any CPU.Build.0 = Release|Any CPU
		{125ED78A-B691-4BBC-BDDA-CAD7B4DC2A84}.Debug|Any CPU.ActiveCfg = Debug|Any CPU
		{125ED78A-B691-4BBC-BDDA-CAD7B4DC2A84}.Debug|Any CPU.Build.0 = Debug|Any CPU
		{125ED78A-B691-4BBC-BDDA-CAD7B4DC2A84}.Release|Any CPU.ActiveCfg = Release|Any CPU
		{125ED78A-B691-4BBC-BDDA-CAD7B4DC2A84}.Release|Any CPU.Build.0 = Release|Any CPU
		{C27F052F-2904-4FCF-8DA4-8BF6472080A0}.Debug|Any CPU.ActiveCfg = Debug|Any CPU
		{C27F052F-2904-4FCF-8DA4-8BF6472080A0}.Debug|Any CPU.Build.0 = Debug|Any CPU
		{C27F052F-2904-4FCF-8DA4-8BF6472080A0}.Release|Any CPU.ActiveCfg = Release|Any CPU
		{C27F052F-2904-4FCF-8DA4-8BF6472080A0}.Release|Any CPU.Build.0 = Release|Any CPU
	EndGlobalSection
	GlobalSection(SolutionProperties) = preSolution
		HideSolutionNode = FALSE
	EndGlobalSection
EndGlobal
